
Microsoft Visual Studio Solution File, Format Version 12.00
# Visual Studio Version 16
VisualStudioVersion = 16.0.31025.194
MinimumVisualStudioVersion = 10.0.40219.1
Project("{FAE04EC0-301F-11D3-BF4B-00C04F79EFBC}") = "MvcMovie", "MvcMovie\MvcMovie.csproj", "{71D3BBC2-BC9B-4A07-96F2-72DA7F162BE3}"
EndProject
Global
	GlobalSection(SolutionConfigurationPlatforms) = preSolution
		Debug|Any CPU = Debug|Any CPU
		Release|Any CPU = Release|Any CPU
	EndGlobalSection
	GlobalSection(ProjectConfigurationPlatforms) = postSolution
		{71D3BBC2-BC9B-4A07-96F2-72DA7F162BE3}.Debug|Any CPU.ActiveCfg = Debug|Any CPU
		{71D3BBC2-BC9B-4A07-96F2-72DA7F162BE3}.Debug|Any CPU.Build.0 = Debug|Any CPU
		{71D3BBC2-BC9B-4A07-96F2-72DA7F162BE3}.Release|Any CPU.ActiveCfg = Release|Any CPU
		{71D3BBC2-BC9B-4A07-96F2-72DA7F162BE3}.Release|Any CPU.Build.0 = Release|Any CPU
	EndGlobalSection
	GlobalSection(SolutionProperties) = preSolution
		HideSolutionNode = FALSE
	EndGlobalSection
	GlobalSection(ExtensibilityGlobals) = postSolution
		SolutionGuid = {2A2F113D-47C5-4FED-A51C-51166A6C5579}
	EndGlobalSection
EndGlobal
